
Microsoft Visual Studio Solution File, Format Version 12.00
# Visual Studio Version 17
VisualStudioVersion = 17.0.31903.59
MinimumVisualStudioVersion = 10.0.40219.1
Project("{2150E333-8FDC-42A3-9474-1A3956D46DE8}") = "src", "src", "{96329A96-D62D-408A-951D-A2087D6D5E29}"
EndProject
Project("{2150E333-8FDC-42A3-9474-1A3956D46DE8}") = "Backend", "Backend", "{BB862540-A78C-4457-A56D-3E4C73FC3C64}"
EndProject
Project("{FAE04EC0-301F-11D3-BF4B-00C04F79EFBC}") = "SistemaDeCadastro.Domain", "src\Backend\SistemaDeCadastro.Domain\SistemaDeCadastro.Domain.csproj", "{2497A5F7-3C05-4D4A-BC7F-8100A162C00C}"
EndProject
Project("{FAE04EC0-301F-11D3-BF4B-00C04F79EFBC}") = "SistemaDeCadastro.Infrastructure", "src\Backend\SistemaDeCadastro.Infrastructure\SistemaDeCadastro.Infrastructure.csproj", "{62696C0D-1660-457A-A2F3-BBC4AA220767}"
EndProject
Project("{FAE04EC0-301F-11D3-BF4B-00C04F79EFBC}") = "SistemaDeCadastro.Api", "src\Backend\SistemaDeCadastro.Api\SistemaDeCadastro.Api.csproj", "{9F3373CF-7F49-416E-ACE7-D3E251F9B15D}"
EndProject
Project("{FAE04EC0-301F-11D3-BF4B-00C04F79EFBC}") = "SistemaDeCadastro.Communication", "src\Backend\SistemaDeCadastro.Communication\SistemaDeCadastro.Communication.csproj", "{062ADD8B-8EC8-42EA-A6F3-D0AF85198E6F}"
EndProject
Project("{FAE04EC0-301F-11D3-BF4B-00C04F79EFBC}") = "SistemaDeCadastro.Exceptions", "src\Backend\SistemaDeCadastro.Exceptions\SistemaDeCadastro.Exceptions.csproj", "{3DD63CEC-8F5F-481C-A6AF-85D05654263A}"
EndProject
Project("{FAE04EC0-301F-11D3-BF4B-00C04F79EFBC}") = "SistemaDeCadastro.Application", "src\Backend\SistemaDeCadastro.Application\SistemaDeCadastro.Application.csproj", "{02D13D2E-E414-43BC-85D7-2771EF6A4609}"
EndProject
Project("{2150E333-8FDC-42A3-9474-1A3956D46DE8}") = "tests", "tests", "{648FDC47-A9BC-4602-A9DF-B1137879FC8B}"
EndProject
Project("{FAE04EC0-301F-11D3-BF4B-00C04F79EFBC}") = "Utilitarios.Testes", "tests\Utilitarios.Testes\Utilitarios.Testes.csproj", "{6A567476-0E90-4A57-8515-06D56EC58F4B}"
EndProject
Project("{FAE04EC0-301F-11D3-BF4B-00C04F79EFBC}") = "UseCases.Test", "tests\UseCases.Test\UseCases.Test.csproj", "{7DBDF6F9-AE9A-4624-ABBB-7E3545337854}"
EndProject
Project("{FAE04EC0-301F-11D3-BF4B-00C04F79EFBC}") = "Validators.Tests", "tests\Validators.Tests\Validators.Tests.csproj", "{AFCD0972-28A5-4703-AFF8-4290A2E8711B}"
EndProject
Project("{FAE04EC0-301F-11D3-BF4B-00C04F79EFBC}") = "WebApi.Test", "tests\WebApi.Test\WebApi.Test.csproj", "{627F2C2E-D973-449A-A083-72BD440E7AEB}"
EndProject
Global
	GlobalSection(SolutionConfigurationPlatforms) = preSolution
		Debug|Any CPU = Debug|Any CPU
		Release|Any CPU = Release|Any CPU
	EndGlobalSection
	GlobalSection(SolutionProperties) = preSolution
		HideSolutionNode = FALSE
	EndGlobalSection
	GlobalSection(ProjectConfigurationPlatforms) = postSolution
		{2497A5F7-3C05-4D4A-BC7F-8100A162C00C}.Debug|Any CPU.ActiveCfg = Debug|Any CPU
		{2497A5F7-3C05-4D4A-BC7F-8100A162C00C}.Debug|Any CPU.Build.0 = Debug|Any CPU
		{2497A5F7-3C05-4D4A-BC7F-8100A162C00C}.Release|Any CPU.ActiveCfg = Release|Any CPU
		{2497A5F7-3C05-4D4A-BC7F-8100A162C00C}.Release|Any CPU.Build.0 = Release|Any CPU
		{62696C0D-1660-457A-A2F3-BBC4AA220767}.Debug|Any CPU.ActiveCfg = Debug|Any CPU
		{62696C0D-1660-457A-A2F3-BBC4AA220767}.Debug|Any CPU.Build.0 = Debug|Any CPU
		{62696C0D-1660-457A-A2F3-BBC4AA220767}.Release|Any CPU.ActiveCfg = Release|Any CPU
		{62696C0D-1660-457A-A2F3-BBC4AA220767}.Release|Any CPU.Build.0 = Release|Any CPU
		{9F3373CF-7F49-416E-ACE7-D3E251F9B15D}.Debug|Any CPU.ActiveCfg = Debug|Any CPU
		{9F3373CF-7F49-416E-ACE7-D3E251F9B15D}.Debug|Any CPU.Build.0 = Debug|Any CPU
		{9F3373CF-7F49-416E-ACE7-D3E251F9B15D}.Release|Any CPU.ActiveCfg = Release|Any CPU
		{9F3373CF-7F49-416E-ACE7-D3E251F9B15D}.Release|Any CPU.Build.0 = Release|Any CPU
		{062ADD8B-8EC8-42EA-A6F3-D0AF85198E6F}.Debug|Any CPU.ActiveCfg = Debug|Any CPU
		{062ADD8B-8EC8-42EA-A6F3-D0AF85198E6F}.Debug|Any CPU.Build.0 = Debug|Any CPU
		{062ADD8B-8EC8-42EA-A6F3-D0AF85198E6F}.Release|Any CPU.ActiveCfg = Release|Any CPU
		{062ADD8B-8EC8-42EA-A6F3-D0AF85198E6F}.Release|Any CPU.Build.0 = Release|Any CPU
		{3DD63CEC-8F5F-481C-A6AF-85D05654263A}.Debug|Any CPU.ActiveCfg = Debug|Any CPU
		{3DD63CEC-8F5F-481C-A6AF-85D05654263A}.Debug|Any CPU.Build.0 = Debug|Any CPU
		{3DD63CEC-8F5F-481C-A6AF-85D05654263A}.Release|Any CPU.ActiveCfg = Release|Any CPU
		{3DD63CEC-8F5F-481C-A6AF-85D05654263A}.Release|Any CPU.Build.0 = Release|Any CPU
		{02D13D2E-E414-43BC-85D7-2771EF6A4609}.Debug|Any CPU.ActiveCfg = Debug|Any CPU
		{02D13D2E-E414-43BC-85D7-2771EF6A4609}.Debug|Any CPU.Build.0 = Debug|Any CPU
		{02D13D2E-E414-43BC-85D7-2771EF6A4609}.Release|Any CPU.ActiveCfg = Release|Any CPU
		{02D13D2E-E414-43BC-85D7-2771EF6A4609}.Release|Any CPU.Build.0 = Release|Any CPU
		{6A567476-0E90-4A57-8515-06D56EC58F4B}.Debug|Any CPU.ActiveCfg = Debug|Any CPU
		{6A567476-0E90-4A57-8515-06D56EC58F4B}.Debug|Any CPU.Build.0 = Debug|Any CPU
		{6A567476-0E90-4A57-8515-06D56EC58F4B}.Release|Any CPU.ActiveCfg = Release|Any CPU
		{6A567476-0E90-4A57-8515-06D56EC58F4B}.Release|Any CPU.Build.0 = Release|Any CPU
		{7DBDF6F9-AE9A-4624-ABBB-7E3545337854}.Debug|Any CPU.ActiveCfg = Debug|Any CPU
		{7DBDF6F9-AE9A-4624-ABBB-7E3545337854}.Debug|Any CPU.Build.0 = Debug|Any CPU
		{7DBDF6F9-AE9A-4624-ABBB-7E3545337854}.Release|Any CPU.ActiveCfg = Release|Any CPU
		{7DBDF6F9-AE9A-4624-ABBB-7E3545337854}.Release|Any CPU.Build.0 = Release|Any CPU
		{AFCD0972-28A5-4703-AFF8-4290A2E8711B}.Debug|Any CPU.ActiveCfg = Debug|Any CPU
		{AFCD0972-28A5-4703-AFF8-4290A2E8711B}.Debug|Any CPU.Build.0 = Debug|Any CPU
		{AFCD0972-28A5-4703-AFF8-4290A2E8711B}.Release|Any CPU.ActiveCfg = Release|Any CPU
		{AFCD0972-28A5-4703-AFF8-4290A2E8711B}.Release|Any CPU.Build.0 = Release|Any CPU
		{627F2C2E-D973-449A-A083-72BD440E7AEB}.Debug|Any CPU.ActiveCfg = Debug|Any CPU
		{627F2C2E-D973-449A-A083-72BD440E7AEB}.Debug|Any CPU.Build.0 = Debug|Any CPU
		{627F2C2E-D973-449A-A083-72BD440E7AEB}.Release|Any CPU.ActiveCfg = Release|Any CPU
		{627F2C2E-D973-449A-A083-72BD440E7AEB}.Release|Any CPU.Build.0 = Release|Any CPU
	EndGlobalSection
	GlobalSection(NestedProjects) = preSolution
		{BB862540-A78C-4457-A56D-3E4C73FC3C64} = {96329A96-D62D-408A-951D-A2087D6D5E29}
		{2497A5F7-3C05-4D4A-BC7F-8100A162C00C} = {BB862540-A78C-4457-A56D-3E4C73FC3C64}
		{62696C0D-1660-457A-A2F3-BBC4AA220767} = {BB862540-A78C-4457-A56D-3E4C73FC3C64}
		{9F3373CF-7F49-416E-ACE7-D3E251F9B15D} = {BB862540-A78C-4457-A56D-3E4C73FC3C64}
		{062ADD8B-8EC8-42EA-A6F3-D0AF85198E6F} = {BB862540-A78C-4457-A56D-3E4C73FC3C64}
		{3DD63CEC-8F5F-481C-A6AF-85D05654263A} = {BB862540-A78C-4457-A56D-3E4C73FC3C64}
		{02D13D2E-E414-43BC-85D7-2771EF6A4609} = {BB862540-A78C-4457-A56D-3E4C73FC3C64}
		{6A567476-0E90-4A57-8515-06D56EC58F4B} = {648FDC47-A9BC-4602-A9DF-B1137879FC8B}
		{7DBDF6F9-AE9A-4624-ABBB-7E3545337854} = {648FDC47-A9BC-4602-A9DF-B1137879FC8B}
		{AFCD0972-28A5-4703-AFF8-4290A2E8711B} = {648FDC47-A9BC-4602-A9DF-B1137879FC8B}
		{627F2C2E-D973-449A-A083-72BD440E7AEB} = {648FDC47-A9BC-4602-A9DF-B1137879FC8B}
	EndGlobalSection
EndGlobal
